
Microsoft Visual Studio Solution File, Format Version 12.00
# Visual Studio Version 16
VisualStudioVersion = 16.0.29324.140
MinimumVisualStudioVersion = 10.0.40219.1
Project("{D954291E-2A0B-460D-934E-DC6B0785DB48}") = "NameThatDog.Shared", "NameThatDog\NameThatDog.Shared\NameThatDog.Shared.shproj", "{6279C845-92F8-4333-AB99-3D213163593C}"
EndProject
Project("{FAE04EC0-301F-11D3-BF4B-00C04F79EFBC}") = "NameThatDog.Droid", "NameThatDog\NameThatDog.Droid\NameThatDog.Droid.csproj", "{5E2D8405-AF0A-4AB1-A48B-CF53219FFAFC}"
EndProject
Project("{FAE04EC0-301F-11D3-BF4B-00C04F79EFBC}") = "NameThatDog.iOS", "NameThatDog\NameThatDog.iOS\NameThatDog.iOS.csproj", "{58370A75-E6DA-409E-9569-A7FD0840A88C}"
EndProject
Project("{FAE04EC0-301F-11D3-BF4B-00C04F79EFBC}") = "NameThatDog.UWP", "NameThatDog\NameThatDog.UWP\NameThatDog.UWP.csproj", "{1E89495B-12DE-404B-946E-56740C1D5686}"
EndProject
Project("{9A19103F-16F7-4668-BE54-9A1E7A4F7556}") = "NameThatDog.Wasm", "NameThatDog\NameThatDog.Wasm\NameThatDog.Wasm.csproj", "{18DF8170-C940-4921-8724-A43C18DF037B}"
EndProject
Global
	GlobalSection(SharedMSBuildProjectFiles) = preSolution
		NameThatDog\NameThatDog.Shared\NameThatDog.Shared.projitems*{1e89495b-12de-404b-946e-56740c1d5686}*SharedItemsImports = 4
		NameThatDog\NameThatDog.Shared\NameThatDog.Shared.projitems*{58370a75-e6da-409e-9569-a7fd0840a88c}*SharedItemsImports = 4
		NameThatDog\NameThatDog.Shared\NameThatDog.Shared.projitems*{5e2d8405-af0a-4ab1-a48b-cf53219ffafc}*SharedItemsImports = 4
		NameThatDog\NameThatDog.Shared\NameThatDog.Shared.projitems*{6279c845-92f8-4333-ab99-3d213163593c}*SharedItemsImports = 13
	EndGlobalSection
	GlobalSection(SolutionConfigurationPlatforms) = preSolution
		Ad-Hoc|Any CPU = Ad-Hoc|Any CPU
		Ad-Hoc|ARM = Ad-Hoc|ARM
		Ad-Hoc|iPhone = Ad-Hoc|iPhone
		Ad-Hoc|iPhoneSimulator = Ad-Hoc|iPhoneSimulator
		Ad-Hoc|x64 = Ad-Hoc|x64
		Ad-Hoc|x86 = Ad-Hoc|x86
		AppStore|Any CPU = AppStore|Any CPU
		AppStore|ARM = AppStore|ARM
		AppStore|iPhone = AppStore|iPhone
		AppStore|iPhoneSimulator = AppStore|iPhoneSimulator
		AppStore|x64 = AppStore|x64
		AppStore|x86 = AppStore|x86
		Debug|Any CPU = Debug|Any CPU
		Debug|ARM = Debug|ARM
		Debug|iPhone = Debug|iPhone
		Debug|iPhoneSimulator = Debug|iPhoneSimulator
		Debug|x64 = Debug|x64
		Debug|x86 = Debug|x86
		Release|Any CPU = Release|Any CPU
		Release|ARM = Release|ARM
		Release|iPhone = Release|iPhone
		Release|iPhoneSimulator = Release|iPhoneSimulator
		Release|x64 = Release|x64
		Release|x86 = Release|x86
	EndGlobalSection
	GlobalSection(ProjectConfigurationPlatforms) = postSolution
		{5E2D8405-AF0A-4AB1-A48B-CF53219FFAFC}.Ad-Hoc|Any CPU.ActiveCfg = Release|Any CPU
		{5E2D8405-AF0A-4AB1-A48B-CF53219FFAFC}.Ad-Hoc|Any CPU.Build.0 = Release|Any CPU
		{5E2D8405-AF0A-4AB1-A48B-CF53219FFAFC}.Ad-Hoc|Any CPU.Deploy.0 = Release|Any CPU
		{5E2D8405-AF0A-4AB1-A48B-CF53219FFAFC}.Ad-Hoc|ARM.ActiveCfg = Release|Any CPU
		{5E2D8405-AF0A-4AB1-A48B-CF53219FFAFC}.Ad-Hoc|ARM.Build.0 = Release|Any CPU
		{5E2D8405-AF0A-4AB1-A48B-CF53219FFAFC}.Ad-Hoc|ARM.Deploy.0 = Release|Any CPU
		{5E2D8405-AF0A-4AB1-A48B-CF53219FFAFC}.Ad-Hoc|iPhone.ActiveCfg = Release|Any CPU
		{5E2D8405-AF0A-4AB1-A48B-CF53219FFAFC}.Ad-Hoc|iPhone.Build.0 = Release|Any CPU
		{5E2D8405-AF0A-4AB1-A48B-CF53219FFAFC}.Ad-Hoc|iPhone.Deploy.0 = Release|Any CPU
		{5E2D8405-AF0A-4AB1-A48B-CF53219FFAFC}.Ad-Hoc|iPhoneSimulator.ActiveCfg = Release|Any CPU
		{5E2D8405-AF0A-4AB1-A48B-CF53219FFAFC}.Ad-Hoc|iPhoneSimulator.Build.0 = Release|Any CPU
		{5E2D8405-AF0A-4AB1-A48B-CF53219FFAFC}.Ad-Hoc|iPhoneSimulator.Deploy.0 = Release|Any CPU
		{5E2D8405-AF0A-4AB1-A48B-CF53219FFAFC}.Ad-Hoc|x64.ActiveCfg = Release|Any CPU
		{5E2D8405-AF0A-4AB1-A48B-CF53219FFAFC}.Ad-Hoc|x64.Build.0 = Release|Any CPU
		{5E2D8405-AF0A-4AB1-A48B-CF53219FFAFC}.Ad-Hoc|x64.Deploy.0 = Release|Any CPU
		{5E2D8405-AF0A-4AB1-A48B-CF53219FFAFC}.Ad-Hoc|x86.ActiveCfg = Release|Any CPU
		{5E2D8405-AF0A-4AB1-A48B-CF53219FFAFC}.Ad-Hoc|x86.Build.0 = Release|Any CPU
		{5E2D8405-AF0A-4AB1-A48B-CF53219FFAFC}.Ad-Hoc|x86.Deploy.0 = Release|Any CPU
		{5E2D8405-AF0A-4AB1-A48B-CF53219FFAFC}.AppStore|Any CPU.ActiveCfg = Release|Any CPU
		{5E2D8405-AF0A-4AB1-A48B-CF53219FFAFC}.AppStore|Any CPU.Build.0 = Release|Any CPU
		{5E2D8405-AF0A-4AB1-A48B-CF53219FFAFC}.AppStore|Any CPU.Deploy.0 = Release|Any CPU
		{5E2D8405-AF0A-4AB1-A48B-CF53219FFAFC}.AppStore|ARM.ActiveCfg = Release|Any CPU
		{5E2D8405-AF0A-4AB1-A48B-CF53219FFAFC}.AppStore|ARM.Build.0 = Release|Any CPU
		{5E2D8405-AF0A-4AB1-A48B-CF53219FFAFC}.AppStore|ARM.Deploy.0 = Release|Any CPU
		{5E2D8405-AF0A-4AB1-A48B-CF53219FFAFC}.AppStore|iPhone.ActiveCfg = Release|Any CPU
		{5E2D8405-AF0A-4AB1-A48B-CF53219FFAFC}.AppStore|iPhone.Build.0 = Release|Any CPU
		{5E2D8405-AF0A-4AB1-A48B-CF53219FFAFC}.AppStore|iPhone.Deploy.0 = Release|Any CPU
		{5E2D8405-AF0A-4AB1-A48B-CF53219FFAFC}.AppStore|iPhoneSimulator.ActiveCfg = Release|Any CPU
		{5E2D8405-AF0A-4AB1-A48B-CF53219FFAFC}.AppStore|iPhoneSimulator.Build.0 = Release|Any CPU
		{5E2D8405-AF0A-4AB1-A48B-CF53219FFAFC}.AppStore|iPhoneSimulator.Deploy.0 = Release|Any CPU
		{5E2D8405-AF0A-4AB1-A48B-CF53219FFAFC}.AppStore|x64.ActiveCfg = Release|Any CPU
		{5E2D8405-AF0A-4AB1-A48B-CF53219FFAFC}.AppStore|x64.Build.0 = Release|Any CPU
		{5E2D8405-AF0A-4AB1-A48B-CF53219FFAFC}.AppStore|x64.Deploy.0 = Release|Any CPU
		{5E2D8405-AF0A-4AB1-A48B-CF53219FFAFC}.AppStore|x86.ActiveCfg = Release|Any CPU
		{5E2D8405-AF0A-4AB1-A48B-CF53219FFAFC}.AppStore|x86.Build.0 = Release|Any CPU
		{5E2D8405-AF0A-4AB1-A48B-CF53219FFAFC}.AppStore|x86.Deploy.0 = Release|Any CPU
		{5E2D8405-AF0A-4AB1-A48B-CF53219FFAFC}.Debug|Any CPU.ActiveCfg = Debug|Any CPU
		{5E2D8405-AF0A-4AB1-A48B-CF53219FFAFC}.Debug|Any CPU.Build.0 = Debug|Any CPU
		{5E2D8405-AF0A-4AB1-A48B-CF53219FFAFC}.Debug|Any CPU.Deploy.0 = Debug|Any CPU
		{5E2D8405-AF0A-4AB1-A48B-CF53219FFAFC}.Debug|ARM.ActiveCfg = Debug|Any CPU
		{5E2D8405-AF0A-4AB1-A48B-CF53219FFAFC}.Debug|ARM.Build.0 = Debug|Any CPU
		{5E2D8405-AF0A-4AB1-A48B-CF53219FFAFC}.Debug|ARM.Deploy.0 = Debug|Any CPU
		{5E2D8405-AF0A-4AB1-A48B-CF53219FFAFC}.Debug|iPhone.ActiveCfg = Debug|Any CPU
		{5E2D8405-AF0A-4AB1-A48B-CF53219FFAFC}.Debug|iPhone.Build.0 = Debug|Any CPU
		{5E2D8405-AF0A-4AB1-A48B-CF53219FFAFC}.Debug|iPhone.Deploy.0 = Debug|Any CPU
		{5E2D8405-AF0A-4AB1-A48B-CF53219FFAFC}.Debug|iPhoneSimulator.ActiveCfg = Debug|Any CPU
		{5E2D8405-AF0A-4AB1-A48B-CF53219FFAFC}.Debug|iPhoneSimulator.Build.0 = Debug|Any CPU
		{5E2D8405-AF0A-4AB1-A48B-CF53219FFAFC}.Debug|iPhoneSimulator.Deploy.0 = Debug|Any CPU
		{5E2D8405-AF0A-4AB1-A48B-CF53219FFAFC}.Debug|x64.ActiveCfg = Debug|Any CPU
		{5E2D8405-AF0A-4AB1-A48B-CF53219FFAFC}.Debug|x64.Build.0 = Debug|Any CPU
		{5E2D8405-AF0A-4AB1-A48B-CF53219FFAFC}.Debug|x64.Deploy.0 = Debug|Any CPU
		{5E2D8405-AF0A-4AB1-A48B-CF53219FFAFC}.Debug|x86.ActiveCfg = Debug|Any CPU
		{5E2D8405-AF0A-4AB1-A48B-CF53219FFAFC}.Debug|x86.Build.0 = Debug|Any CPU
		{5E2D8405-AF0A-4AB1-A48B-CF53219FFAFC}.Debug|x86.Deploy.0 = Debug|Any CPU
		{5E2D8405-AF0A-4AB1-A48B-CF53219FFAFC}.Release|Any CPU.ActiveCfg = Release|Any CPU
		{5E2D8405-AF0A-4AB1-A48B-CF53219FFAFC}.Release|Any CPU.Build.0 = Release|Any CPU
		{5E2D8405-AF0A-4AB1-A48B-CF53219FFAFC}.Release|Any CPU.Deploy.0 = Release|Any CPU
		{5E2D8405-AF0A-4AB1-A48B-CF53219FFAFC}.Release|ARM.ActiveCfg = Release|Any CPU
		{5E2D8405-AF0A-4AB1-A48B-CF53219FFAFC}.Release|ARM.Build.0 = Release|Any CPU
		{5E2D8405-AF0A-4AB1-A48B-CF53219FFAFC}.Release|ARM.Deploy.0 = Release|Any CPU
		{5E2D8405-AF0A-4AB1-A48B-CF53219FFAFC}.Release|iPhone.ActiveCfg = Release|Any CPU
		{5E2D8405-AF0A-4AB1-A48B-CF53219FFAFC}.Release|iPhone.Build.0 = Release|Any CPU
		{5E2D8405-AF0A-4AB1-A48B-CF53219FFAFC}.Release|iPhone.Deploy.0 = Release|Any CPU
		{5E2D8405-AF0A-4AB1-A48B-CF53219FFAFC}.Release|iPhoneSimulator.ActiveCfg = Release|Any CPU
		{5E2D8405-AF0A-4AB1-A48B-CF53219FFAFC}.Release|iPhoneSimulator.Build.0 = Release|Any CPU
		{5E2D8405-AF0A-4AB1-A48B-CF53219FFAFC}.Release|iPhoneSimulator.Deploy.0 = Release|Any CPU
		{5E2D8405-AF0A-4AB1-A48B-CF53219FFAFC}.Release|x64.ActiveCfg = Release|Any CPU
		{5E2D8405-AF0A-4AB1-A48B-CF53219FFAFC}.Release|x64.Build.0 = Release|Any CPU
		{5E2D8405-AF0A-4AB1-A48B-CF53219FFAFC}.Release|x64.Deploy.0 = Release|Any CPU
		{5E2D8405-AF0A-4AB1-A48B-CF53219FFAFC}.Release|x86.ActiveCfg = Release|Any CPU
		{5E2D8405-AF0A-4AB1-A48B-CF53219FFAFC}.Release|x86.Build.0 = Release|Any CPU
		{5E2D8405-AF0A-4AB1-A48B-CF53219FFAFC}.Release|x86.Deploy.0 = Release|Any CPU
		{58370A75-E6DA-409E-9569-A7FD0840A88C}.Ad-Hoc|Any CPU.ActiveCfg = Ad-Hoc|iPhone
		{58370A75-E6DA-409E-9569-A7FD0840A88C}.Ad-Hoc|ARM.ActiveCfg = Ad-Hoc|iPhone
		{58370A75-E6DA-409E-9569-A7FD0840A88C}.Ad-Hoc|iPhone.ActiveCfg = Ad-Hoc|iPhone
		{58370A75-E6DA-409E-9569-A7FD0840A88C}.Ad-Hoc|iPhone.Build.0 = Ad-Hoc|iPhone
		{58370A75-E6DA-409E-9569-A7FD0840A88C}.Ad-Hoc|iPhoneSimulator.ActiveCfg = Ad-Hoc|iPhoneSimulator
		{58370A75-E6DA-409E-9569-A7FD0840A88C}.Ad-Hoc|iPhoneSimulator.Build.0 = Ad-Hoc|iPhoneSimulator
		{58370A75-E6DA-409E-9569-A7FD0840A88C}.Ad-Hoc|x64.ActiveCfg = Ad-Hoc|iPhone
		{58370A75-E6DA-409E-9569-A7FD0840A88C}.Ad-Hoc|x86.ActiveCfg = Ad-Hoc|iPhone
		{58370A75-E6DA-409E-9569-A7FD0840A88C}.AppStore|Any CPU.ActiveCfg = AppStore|iPhone
		{58370A75-E6DA-409E-9569-A7FD0840A88C}.AppStore|ARM.ActiveCfg = AppStore|iPhone
		{58370A75-E6DA-409E-9569-A7FD0840A88C}.AppStore|iPhone.ActiveCfg = AppStore|iPhone
		{58370A75-E6DA-409E-9569-A7FD0840A88C}.AppStore|iPhone.Build.0 = AppStore|iPhone
		{58370A75-E6DA-409E-9569-A7FD0840A88C}.AppStore|iPhoneSimulator.ActiveCfg = AppStore|iPhoneSimulator
		{58370A75-E6DA-409E-9569-A7FD0840A88C}.AppStore|iPhoneSimulator.Build.0 = AppStore|iPhoneSimulator
		{58370A75-E6DA-409E-9569-A7FD0840A88C}.AppStore|x64.ActiveCfg = AppStore|iPhone
		{58370A75-E6DA-409E-9569-A7FD0840A88C}.AppStore|x86.ActiveCfg = AppStore|iPhone
		{58370A75-E6DA-409E-9569-A7FD0840A88C}.Debug|Any CPU.ActiveCfg = Debug|iPhone
		{58370A75-E6DA-409E-9569-A7FD0840A88C}.Debug|ARM.ActiveCfg = Debug|iPhone
		{58370A75-E6DA-409E-9569-A7FD0840A88C}.Debug|iPhone.ActiveCfg = Debug|iPhone
		{58370A75-E6DA-409E-9569-A7FD0840A88C}.Debug|iPhone.Build.0 = Debug|iPhone
		{58370A75-E6DA-409E-9569-A7FD0840A88C}.Debug|iPhoneSimulator.ActiveCfg = Debug|iPhoneSimulator
		{58370A75-E6DA-409E-9569-A7FD0840A88C}.Debug|iPhoneSimulator.Build.0 = Debug|iPhoneSimulator
		{58370A75-E6DA-409E-9569-A7FD0840A88C}.Debug|x64.ActiveCfg = Debug|iPhone
		{58370A75-E6DA-409E-9569-A7FD0840A88C}.Debug|x86.ActiveCfg = Debug|iPhone
		{58370A75-E6DA-409E-9569-A7FD0840A88C}.Release|Any CPU.ActiveCfg = Release|iPhone
		{58370A75-E6DA-409E-9569-A7FD0840A88C}.Release|ARM.ActiveCfg = Release|iPhone
		{58370A75-E6DA-409E-9569-A7FD0840A88C}.Release|iPhone.ActiveCfg = Release|iPhone
		{58370A75-E6DA-409E-9569-A7FD0840A88C}.Release|iPhone.Build.0 = Release|iPhone
		{58370A75-E6DA-409E-9569-A7FD0840A88C}.Release|iPhoneSimulator.ActiveCfg = Release|iPhoneSimulator
		{58370A75-E6DA-409E-9569-A7FD0840A88C}.Release|iPhoneSimulator.Build.0 = Release|iPhoneSimulator
		{58370A75-E6DA-409E-9569-A7FD0840A88C}.Release|x64.ActiveCfg = Release|iPhone
		{58370A75-E6DA-409E-9569-A7FD0840A88C}.Release|x86.ActiveCfg = Release|iPhone
		{1E89495B-12DE-404B-946E-56740C1D5686}.Ad-Hoc|Any CPU.ActiveCfg = Release|x64
		{1E89495B-12DE-404B-946E-56740C1D5686}.Ad-Hoc|Any CPU.Build.0 = Release|x64
		{1E89495B-12DE-404B-946E-56740C1D5686}.Ad-Hoc|Any CPU.Deploy.0 = Release|x64
		{1E89495B-12DE-404B-946E-56740C1D5686}.Ad-Hoc|ARM.ActiveCfg = Release|ARM
		{1E89495B-12DE-404B-946E-56740C1D5686}.Ad-Hoc|ARM.Build.0 = Release|ARM
		{1E89495B-12DE-404B-946E-56740C1D5686}.Ad-Hoc|ARM.Deploy.0 = Release|ARM
		{1E89495B-12DE-404B-946E-56740C1D5686}.Ad-Hoc|iPhone.ActiveCfg = Release|x64
		{1E89495B-12DE-404B-946E-56740C1D5686}.Ad-Hoc|iPhone.Build.0 = Release|x64
		{1E89495B-12DE-404B-946E-56740C1D5686}.Ad-Hoc|iPhone.Deploy.0 = Release|x64
		{1E89495B-12DE-404B-946E-56740C1D5686}.Ad-Hoc|iPhoneSimulator.ActiveCfg = Release|x64
		{1E89495B-12DE-404B-946E-56740C1D5686}.Ad-Hoc|iPhoneSimulator.Build.0 = Release|x64
		{1E89495B-12DE-404B-946E-56740C1D5686}.Ad-Hoc|iPhoneSimulator.Deploy.0 = Release|x64
		{1E89495B-12DE-404B-946E-56740C1D5686}.Ad-Hoc|x64.ActiveCfg = Release|x64
		{1E89495B-12DE-404B-946E-56740C1D5686}.Ad-Hoc|x64.Build.0 = Release|x64
		{1E89495B-12DE-404B-946E-56740C1D5686}.Ad-Hoc|x64.Deploy.0 = Release|x64
		{1E89495B-12DE-404B-946E-56740C1D5686}.Ad-Hoc|x86.ActiveCfg = Release|x86
		{1E89495B-12DE-404B-946E-56740C1D5686}.Ad-Hoc|x86.Build.0 = Release|x86
		{1E89495B-12DE-404B-946E-56740C1D5686}.Ad-Hoc|x86.Deploy.0 = Release|x86
		{1E89495B-12DE-404B-946E-56740C1D5686}.AppStore|Any CPU.ActiveCfg = Release|x64
		{1E89495B-12DE-404B-946E-56740C1D5686}.AppStore|Any CPU.Build.0 = Release|x64
		{1E89495B-12DE-404B-946E-56740C1D5686}.AppStore|Any CPU.Deploy.0 = Release|x64
		{1E89495B-12DE-404B-946E-56740C1D5686}.AppStore|ARM.ActiveCfg = Release|ARM
		{1E89495B-12DE-404B-946E-56740C1D5686}.AppStore|ARM.Build.0 = Release|ARM
		{1E89495B-12DE-404B-946E-56740C1D5686}.AppStore|ARM.Deploy.0 = Release|ARM
		{1E89495B-12DE-404B-946E-56740C1D5686}.AppStore|iPhone.ActiveCfg = Release|x64
		{1E89495B-12DE-404B-946E-56740C1D5686}.AppStore|iPhone.Build.0 = Release|x64
		{1E89495B-12DE-404B-946E-56740C1D5686}.AppStore|iPhone.Deploy.0 = Release|x64
		{1E89495B-12DE-404B-946E-56740C1D5686}.AppStore|iPhoneSimulator.ActiveCfg = Release|x64
		{1E89495B-12DE-404B-946E-56740C1D5686}.AppStore|iPhoneSimulator.Build.0 = Release|x64
		{1E89495B-12DE-404B-946E-56740C1D5686}.AppStore|iPhoneSimulator.Deploy.0 = Release|x64
		{1E89495B-12DE-404B-946E-56740C1D5686}.AppStore|x64.ActiveCfg = Release|x64
		{1E89495B-12DE-404B-946E-56740C1D5686}.AppStore|x64.Build.0 = Release|x64
		{1E89495B-12DE-404B-946E-56740C1D5686}.AppStore|x64.Deploy.0 = Release|x64
		{1E89495B-12DE-404B-946E-56740C1D5686}.AppStore|x86.ActiveCfg = Release|x86
		{1E89495B-12DE-404B-946E-56740C1D5686}.AppStore|x86.Build.0 = Release|x86
		{1E89495B-12DE-404B-946E-56740C1D5686}.AppStore|x86.Deploy.0 = Release|x86
		{1E89495B-12DE-404B-946E-56740C1D5686}.Debug|Any CPU.ActiveCfg = Debug|x86
		{1E89495B-12DE-404B-946E-56740C1D5686}.Debug|ARM.ActiveCfg = Debug|ARM
		{1E89495B-12DE-404B-946E-56740C1D5686}.Debug|ARM.Build.0 = Debug|ARM
		{1E89495B-12DE-404B-946E-56740C1D5686}.Debug|ARM.Deploy.0 = Debug|ARM
		{1E89495B-12DE-404B-946E-56740C1D5686}.Debug|iPhone.ActiveCfg = Debug|x86
		{1E89495B-12DE-404B-946E-56740C1D5686}.Debug|iPhoneSimulator.ActiveCfg = Debug|x86
		{1E89495B-12DE-404B-946E-56740C1D5686}.Debug|x64.ActiveCfg = Debug|x64
		{1E89495B-12DE-404B-946E-56740C1D5686}.Debug|x64.Build.0 = Debug|x64
		{1E89495B-12DE-404B-946E-56740C1D5686}.Debug|x64.Deploy.0 = Debug|x64
		{1E89495B-12DE-404B-946E-56740C1D5686}.Debug|x86.ActiveCfg = Debug|x86
		{1E89495B-12DE-404B-946E-56740C1D5686}.Debug|x86.Build.0 = Debug|x86
		{1E89495B-12DE-404B-946E-56740C1D5686}.Debug|x86.Deploy.0 = Debug|x86
		{1E89495B-12DE-404B-946E-56740C1D5686}.Release|Any CPU.ActiveCfg = Release|x86
		{1E89495B-12DE-404B-946E-56740C1D5686}.Release|ARM.ActiveCfg = Release|ARM
		{1E89495B-12DE-404B-946E-56740C1D5686}.Release|ARM.Build.0 = Release|ARM
		{1E89495B-12DE-404B-946E-56740C1D5686}.Release|ARM.Deploy.0 = Release|ARM
		{1E89495B-12DE-404B-946E-56740C1D5686}.Release|iPhone.ActiveCfg = Release|x86
		{1E89495B-12DE-404B-946E-56740C1D5686}.Release|iPhoneSimulator.ActiveCfg = Release|x86
		{1E89495B-12DE-404B-946E-56740C1D5686}.Release|x64.ActiveCfg = Release|x64
		{1E89495B-12DE-404B-946E-56740C1D5686}.Release|x64.Build.0 = Release|x64
		{1E89495B-12DE-404B-946E-56740C1D5686}.Release|x64.Deploy.0 = Release|x64
		{1E89495B-12DE-404B-946E-56740C1D5686}.Release|x86.ActiveCfg = Release|x86
		{1E89495B-12DE-404B-946E-56740C1D5686}.Release|x86.Build.0 = Release|x86
		{1E89495B-12DE-404B-946E-56740C1D5686}.Release|x86.Deploy.0 = Release|x86
		{18DF8170-C940-4921-8724-A43C18DF037B}.Ad-Hoc|Any CPU.ActiveCfg = Debug|Any CPU
		{18DF8170-C940-4921-8724-A43C18DF037B}.Ad-Hoc|Any CPU.Build.0 = Debug|Any CPU
		{18DF8170-C940-4921-8724-A43C18DF037B}.Ad-Hoc|ARM.ActiveCfg = Debug|Any CPU
		{18DF8170-C940-4921-8724-A43C18DF037B}.Ad-Hoc|ARM.Build.0 = Debug|Any CPU
		{18DF8170-C940-4921-8724-A43C18DF037B}.Ad-Hoc|iPhone.ActiveCfg = Debug|Any CPU
		{18DF8170-C940-4921-8724-A43C18DF037B}.Ad-Hoc|iPhone.Build.0 = Debug|Any CPU
		{18DF8170-C940-4921-8724-A43C18DF037B}.Ad-Hoc|iPhoneSimulator.ActiveCfg = Debug|Any CPU
		{18DF8170-C940-4921-8724-A43C18DF037B}.Ad-Hoc|iPhoneSimulator.Build.0 = Debug|Any CPU
		{18DF8170-C940-4921-8724-A43C18DF037B}.Ad-Hoc|x64.ActiveCfg = Debug|Any CPU
		{18DF8170-C940-4921-8724-A43C18DF037B}.Ad-Hoc|x64.Build.0 = Debug|Any CPU
		{18DF8170-C940-4921-8724-A43C18DF037B}.Ad-Hoc|x86.ActiveCfg = Debug|Any CPU
		{18DF8170-C940-4921-8724-A43C18DF037B}.Ad-Hoc|x86.Build.0 = Debug|Any CPU
		{18DF8170-C940-4921-8724-A43C18DF037B}.AppStore|Any CPU.ActiveCfg = Debug|Any CPU
		{18DF8170-C940-4921-8724-A43C18DF037B}.AppStore|Any CPU.Build.0 = Debug|Any CPU
		{18DF8170-C940-4921-8724-A43C18DF037B}.AppStore|ARM.ActiveCfg = Debug|Any CPU
		{18DF8170-C940-4921-8724-A43C18DF037B}.AppStore|ARM.Build.0 = Debug|Any CPU
		{18DF8170-C940-4921-8724-A43C18DF037B}.AppStore|iPhone.ActiveCfg = Debug|Any CPU
		{18DF8170-C940-4921-8724-A43C18DF037B}.AppStore|iPhone.Build.0 = Debug|Any CPU
		{18DF8170-C940-4921-8724-A43C18DF037B}.AppStore|iPhoneSimulator.ActiveCfg = Debug|Any CPU
		{18DF8170-C940-4921-8724-A43C18DF037B}.AppStore|iPhoneSimulator.Build.0 = Debug|Any CPU
		{18DF8170-C940-4921-8724-A43C18DF037B}.AppStore|x64.ActiveCfg = Debug|Any CPU
		{18DF8170-C940-4921-8724-A43C18DF037B}.AppStore|x64.Build.0 = Debug|Any CPU
		{18DF8170-C940-4921-8724-A43C18DF037B}.AppStore|x86.ActiveCfg = Debug|Any CPU
		{18DF8170-C940-4921-8724-A43C18DF037B}.AppStore|x86.Build.0 = Debug|Any CPU
		{18DF8170-C940-4921-8724-A43C18DF037B}.Debug|Any CPU.ActiveCfg = Debug|Any CPU
		{18DF8170-C940-4921-8724-A43C18DF037B}.Debug|Any CPU.Build.0 = Debug|Any CPU
		{18DF8170-C940-4921-8724-A43C18DF037B}.Debug|ARM.ActiveCfg = Debug|Any CPU
		{18DF8170-C940-4921-8724-A43C18DF037B}.Debug|ARM.Build.0 = Debug|Any CPU
		{18DF8170-C940-4921-8724-A43C18DF037B}.Debug|iPhone.ActiveCfg = Debug|Any CPU
		{18DF8170-C940-4921-8724-A43C18DF037B}.Debug|iPhone.Build.0 = Debug|Any CPU
		{18DF8170-C940-4921-8724-A43C18DF037B}.Debug|iPhoneSimulator.ActiveCfg = Debug|Any CPU
		{18DF8170-C940-4921-8724-A43C18DF037B}.Debug|iPhoneSimulator.Build.0 = Debug|Any CPU
		{18DF8170-C940-4921-8724-A43C18DF037B}.Debug|x64.ActiveCfg = Debug|Any CPU
		{18DF8170-C940-4921-8724-A43C18DF037B}.Debug|x64.Build.0 = Debug|Any CPU
		{18DF8170-C940-4921-8724-A43C18DF037B}.Debug|x86.ActiveCfg = Debug|Any CPU
		{18DF8170-C940-4921-8724-A43C18DF037B}.Debug|x86.Build.0 = Debug|Any CPU
		{18DF8170-C940-4921-8724-A43C18DF037B}.Release|Any CPU.ActiveCfg = Release|Any CPU
		{18DF8170-C940-4921-8724-A43C18DF037B}.Release|Any CPU.Build.0 = Release|Any CPU
		{18DF8170-C940-4921-8724-A43C18DF037B}.Release|ARM.ActiveCfg = Release|Any CPU
		{18DF8170-C940-4921-8724-A43C18DF037B}.Release|ARM.Build.0 = Release|Any CPU
		{18DF8170-C940-4921-8724-A43C18DF037B}.Release|iPhone.ActiveCfg = Release|Any CPU
		{18DF8170-C940-4921-8724-A43C18DF037B}.Release|iPhone.Build.0 = Release|Any CPU
		{18DF8170-C940-4921-8724-A43C18DF037B}.Release|iPhoneSimulator.ActiveCfg = Release|Any CPU
		{18DF8170-C940-4921-8724-A43C18DF037B}.Release|iPhoneSimulator.Build.0 = Release|Any CPU
		{18DF8170-C940-4921-8724-A43C18DF037B}.Release|x64.ActiveCfg = Release|Any CPU
		{18DF8170-C940-4921-8724-A43C18DF037B}.Release|x64.Build.0 = Release|Any CPU
		{18DF8170-C940-4921-8724-A43C18DF037B}.Release|x86.ActiveCfg = Release|Any CPU
		{18DF8170-C940-4921-8724-A43C18DF037B}.Release|x86.Build.0 = Release|Any CPU
	EndGlobalSection
	GlobalSection(SolutionProperties) = preSolution
		HideSolutionNode = FALSE
	EndGlobalSection
	GlobalSection(ExtensibilityGlobals) = postSolution
		SolutionGuid = {868FA7DA-C492-4B49-84C8-22AC02FED2E8}
	EndGlobalSection
EndGlobal
